
Microsoft Visual Studio Solution File, Format Version 12.00
# Visual Studio 2013
VisualStudioVersion = 12.0.21005.1
MinimumVisualStudioVersion = 10.0.40219.1
Project("{FAE04EC0-301F-11D3-BF4B-00C04F79EFBC}") = "ASPNETWebApp", "ASPNETWebApp\ASPNETWebApp.csproj", "{B894F6CD-9A9E-49E2-A11F-31207D6ECF4C}"
EndProject
Project("{FAE04EC0-301F-11D3-BF4B-00C04F79EFBC}") = "ASPNETWebApp.Tests", "ASPNETWebApp.Tests\ASPNETWebApp.Tests.csproj", "{81628FDF-4B86-40E5-AADD-BAE824FB1323}"
EndProject
Project("{2150E333-8FDC-42A3-9474-1A3956D46DE8}") = "Solution Items", "Solution Items", "{F6AFE47E-59FB-49EB-ADCE-88ED217209D6}"
	ProjectSection(SolutionItems) = preProject
		build.msbuild = build.msbuild
	EndProjectSection
EndProject
Global
	GlobalSection(SolutionConfigurationPlatforms) = preSolution
		Debug|Any CPU = Debug|Any CPU
		Release|Any CPU = Release|Any CPU
	EndGlobalSection
	GlobalSection(ProjectConfigurationPlatforms) = postSolution
		{B894F6CD-9A9E-49E2-A11F-31207D6ECF4C}.Debug|Any CPU.ActiveCfg = Debug|Any CPU
		{B894F6CD-9A9E-49E2-A11F-31207D6ECF4C}.Debug|Any CPU.Build.0 = Debug|Any CPU
		{B894F6CD-9A9E-49E2-A11F-31207D6ECF4C}.Release|Any CPU.ActiveCfg = Release|Any CPU
		{B894F6CD-9A9E-49E2-A11F-31207D6ECF4C}.Release|Any CPU.Build.0 = Release|Any CPU
		{81628FDF-4B86-40E5-AADD-BAE824FB1323}.Debug|Any CPU.ActiveCfg = Debug|Any CPU
		{81628FDF-4B86-40E5-AADD-BAE824FB1323}.Debug|Any CPU.Build.0 = Debug|Any CPU
		{81628FDF-4B86-40E5-AADD-BAE824FB1323}.Release|Any CPU.ActiveCfg = Release|Any CPU
		{81628FDF-4B86-40E5-AADD-BAE824FB1323}.Release|Any CPU.Build.0 = Release|Any CPU
	EndGlobalSection
	GlobalSection(SolutionProperties) = preSolution
		HideSolutionNode = FALSE
	EndGlobalSection
EndGlobal
